# This file is generated by running "yarn install" inside your project.
# Manual changes might be lost - proceed with caution!

__metadata:
  version: 8
  cacheKey: 10c0

"deep-is@npm:~0.1.3":
  version: 0.1.4
  resolution: "deep-is@npm:0.1.4"
  checksum: 10c0/7f0ee496e0dff14a573dc6127f14c95061b448b87b995fc96c017ce0a1e66af1675e73f1d6064407975bc4ea6ab679497a29fff7b5b9c4e99cb10797c1ad0b4c
  languageName: node
  linkType: hard

"escodegen@npm:2.0.0":
  version: 2.0.0
  resolution: "escodegen@npm:2.0.0"
  dependencies:
    esprima: "npm:^4.0.1"
    estraverse: "npm:^5.2.0"
    esutils: "npm:^2.0.2"
    optionator: "npm:^0.8.1"
    source-map: "npm:~0.6.1"
  dependenciesMeta:
    source-map:
      optional: true
  bin:
    escodegen: bin/escodegen.js
    esgenerate: bin/esgenerate.js
  checksum: 10c0/7d9834841db85d7cce2026c18da56c803564ca18bd6c1e81934cc08329ac4d366fac8b571e8708a81e21143f3dada56a4e34c9a9904c8b066f13abe8d9869871
  languageName: node
  linkType: hard

"eslint-plugin-sort-imports@workspace:.":
  version: 0.0.0-use.local
  resolution: "eslint-plugin-sort-imports@workspace:."
  dependencies:
    escodegen: "npm:2.0.0"
  languageName: unknown
  linkType: soft

"esprima@npm:^4.0.1":
  version: 4.0.1
  resolution: "esprima@npm:4.0.1"
  bin:
    esparse: ./bin/esparse.js
    esvalidate: ./bin/esvalidate.js
  checksum: 10c0/ad4bab9ead0808cf56501750fd9d3fb276f6b105f987707d059005d57e182d18a7c9ec7f3a01794ebddcca676773e42ca48a32d67a250c9d35e009ca613caba3
  languageName: node
  linkType: hard

"estraverse@npm:^5.2.0":
  version: 5.3.0
  resolution: "estraverse@npm:5.3.0"
  checksum: 10c0/1ff9447b96263dec95d6d67431c5e0771eb9776427421260a3e2f0fdd5d6bd4f8e37a7338f5ad2880c9f143450c9b1e4fc2069060724570a49cf9cf0312bd107
  languageName: node
  linkType: hard

"esutils@npm:^2.0.2":
  version: 2.0.3
  resolution: "esutils@npm:2.0.3"
  checksum: 10c0/9a2fe69a41bfdade834ba7c42de4723c97ec776e40656919c62cbd13607c45e127a003f05f724a1ea55e5029a4cf2de444b13009f2af71271e42d93a637137c7
  languageName: node
  linkType: hard

"fast-levenshtein@npm:~2.0.6":
  version: 2.0.6
  resolution: "fast-levenshtein@npm:2.0.6"
  checksum: 10c0/111972b37338bcb88f7d9e2c5907862c280ebf4234433b95bc611e518d192ccb2d38119c4ac86e26b668d75f7f3894f4ff5c4982899afced7ca78633b08287c4
  languageName: node
  linkType: hard

"levn@npm:~0.3.0":
  version: 0.3.0
  resolution: "levn@npm:0.3.0"
  dependencies:
    prelude-ls: "npm:~1.1.2"
    type-check: "npm:~0.3.2"
  checksum: 10c0/e440df9de4233da0b389cd55bd61f0f6aaff766400bebbccd1231b81801f6dbc1d816c676ebe8d70566394b749fa624b1ed1c68070e9c94999f0bdecc64cb676
  languageName: node
  linkType: hard

"optionator@npm:^0.8.1":
  version: 0.8.3
  resolution: "optionator@npm:0.8.3"
  dependencies:
    deep-is: "npm:~0.1.3"
    fast-levenshtein: "npm:~2.0.6"
    levn: "npm:~0.3.0"
    prelude-ls: "npm:~1.1.2"
    type-check: "npm:~0.3.2"
    word-wrap: "npm:~1.2.3"
  checksum: 10c0/ad7000ea661792b3ec5f8f86aac28895850988926f483b5f308f59f4607dfbe24c05df2d049532ee227c040081f39401a268cf7bbf3301512f74c4d760dc6dd8
  languageName: node
  linkType: hard

"prelude-ls@npm:~1.1.2":
  version: 1.1.2
  resolution: "prelude-ls@npm:1.1.2"
  checksum: 10c0/7284270064f74e0bb7f04eb9bff7be677e4146417e599ccc9c1200f0f640f8b11e592d94eb1b18f7aa9518031913bb42bea9c86af07ba69902864e61005d6f18
  languageName: node
  linkType: hard

"source-map@npm:~0.6.1":
  version: 0.6.1
  resolution: "source-map@npm:0.6.1"
  checksum: 10c0/ab55398007c5e5532957cb0beee2368529618ac0ab372d789806f5718123cc4367d57de3904b4e6a4170eb5a0b0f41373066d02ca0735a0c4d75c7d328d3e011
  languageName: node
  linkType: hard

"type-check@npm:~0.3.2":
  version: 0.3.2
  resolution: "type-check@npm:0.3.2"
  dependencies:
    prelude-ls: "npm:~1.1.2"
  checksum: 10c0/776217116b2b4e50e368c7ee0c22c0a85e982881c16965b90d52f216bc296d6a52ef74f9202d22158caacc092a7645b0b8d5fe529a96e3fe35d0fb393966c875
  languageName: node
  linkType: hard

"word-wrap@npm:~1.2.3":
  version: 1.2.5
  resolution: "word-wrap@npm:1.2.5"
  checksum: 10c0/e0e4a1ca27599c92a6ca4c32260e8a92e8a44f4ef6ef93f803f8ed823f486e0889fc0b93be4db59c8d51b3064951d25e43d434e95dc8c960cc3a63d65d00ba20
  languageName: node
  linkType: hard
